
Microsoft Visual Studio Solution File, Format Version 12.00
# Visual Studio 15
VisualStudioVersion = 15.0.27703.2035
MinimumVisualStudioVersion = 10.0.40219.1
Project("{8BC9CEB8-8B4A-11D0-8D11-00A0C91BC942}") = "IceTermJNI", "IceTermJNI\IceTermJNI.vcxproj", "{F02E336D-9140-459B-84F2-0BA4F3A36DF4}"
EndProject
Project("{8BC9CEB8-8B4A-11D0-8D11-00A0C91BC942}") = "PipeClient", "PipeClient\PipeClient.vcxproj", "{88828A30-6FC3-4391-AB84-5594174ED296}"
EndProject
Project("{8BC9CEB8-8B4A-11D0-8D11-00A0C91BC942}") = "PipeServer", "PipeServer\PipeServer.vcxproj", "{761663C5-ED88-458C-8C31-388110F03B9C}"
EndProject
Global
	GlobalSection(SolutionConfigurationPlatforms) = preSolution
		Debug|x64 = Debug|x64
		Debug|x86 = Debug|x86
		Release|x64 = Release|x64
		Release|x86 = Release|x86
	EndGlobalSection
	GlobalSection(ProjectConfigurationPlatforms) = postSolution
		{F02E336D-9140-459B-84F2-0BA4F3A36DF4}.Debug|x64.ActiveCfg = Debug|x64
		{F02E336D-9140-459B-84F2-0BA4F3A36DF4}.Debug|x64.Build.0 = Debug|x64
		{F02E336D-9140-459B-84F2-0BA4F3A36DF4}.Debug|x86.ActiveCfg = Debug|x64
		{F02E336D-9140-459B-84F2-0BA4F3A36DF4}.Debug|x86.Build.0 = Debug|x64
		{F02E336D-9140-459B-84F2-0BA4F3A36DF4}.Release|x64.ActiveCfg = Release|x64
		{F02E336D-9140-459B-84F2-0BA4F3A36DF4}.Release|x64.Build.0 = Release|x64
		{F02E336D-9140-459B-84F2-0BA4F3A36DF4}.Release|x86.ActiveCfg = Release|Win32
		{F02E336D-9140-459B-84F2-0BA4F3A36DF4}.Release|x86.Build.0 = Release|Win32
		{88828A30-6FC3-4391-AB84-5594174ED296}.Debug|x64.ActiveCfg = Debug|x64
		{88828A30-6FC3-4391-AB84-5594174ED296}.Debug|x64.Build.0 = Debug|x64
		{88828A30-6FC3-4391-AB84-5594174ED296}.Debug|x86.ActiveCfg = Debug|x64
		{88828A30-6FC3-4391-AB84-5594174ED296}.Debug|x86.Build.0 = Debug|x64
		{88828A30-6FC3-4391-AB84-5594174ED296}.Release|x64.ActiveCfg = Release|x64
		{88828A30-6FC3-4391-AB84-5594174ED296}.Release|x64.Build.0 = Release|x64
		{88828A30-6FC3-4391-AB84-5594174ED296}.Release|x86.ActiveCfg = Release|Win32
		{88828A30-6FC3-4391-AB84-5594174ED296}.Release|x86.Build.0 = Release|Win32
		{761663C5-ED88-458C-8C31-388110F03B9C}.Debug|x64.ActiveCfg = Debug|x64
		{761663C5-ED88-458C-8C31-388110F03B9C}.Debug|x64.Build.0 = Debug|x64
		{761663C5-ED88-458C-8C31-388110F03B9C}.Debug|x86.ActiveCfg = Debug|x64
		{761663C5-ED88-458C-8C31-388110F03B9C}.Debug|x86.Build.0 = Debug|x64
		{761663C5-ED88-458C-8C31-388110F03B9C}.Release|x64.ActiveCfg = Release|x64
		{761663C5-ED88-458C-8C31-388110F03B9C}.Release|x64.Build.0 = Release|x64
		{761663C5-ED88-458C-8C31-388110F03B9C}.Release|x86.ActiveCfg = Release|Win32
		{761663C5-ED88-458C-8C31-388110F03B9C}.Release|x86.Build.0 = Release|Win32
	EndGlobalSection
	GlobalSection(SolutionProperties) = preSolution
		HideSolutionNode = FALSE
	EndGlobalSection
	GlobalSection(ExtensibilityGlobals) = postSolution
		SolutionGuid = {E45BF3B0-ACF7-4D3A-8B01-B91C2DA5798B}
	EndGlobalSection
EndGlobal
